
Microsoft Visual Studio Solution File, Format Version 12.00
# Visual Studio Version 17
VisualStudioVersion = 17.0.31903.59
MinimumVisualStudioVersion = 10.0.40219.1
Project("{2150E333-8FDC-42A3-9474-1A3956D46DE8}") = "src", "src", "{21D58E1C-5396-4969-88DB-7BA4FC0C46D4}"
EndProject
Project("{FAE04EC0-301F-11D3-BF4B-00C04F79EFBC}") = "SideDock", "src\SideDock\SideDock.csproj", "{B62F635B-29CF-467F-8C29-FEF2438F694B}"
EndProject
Project("{2150E333-8FDC-42A3-9474-1A3956D46DE8}") = "tests", "tests", "{11BED6BA-6304-40CA-A5E3-3497BCC6D6F4}"
EndProject
Project("{FAE04EC0-301F-11D3-BF4B-00C04F79EFBC}") = "SideDock.Tests", "tests\SideDock.Tests\SideDock.Tests.csproj", "{14810C5D-0E38-46A6-93E9-EE9F07502B53}"
EndProject
Global
	GlobalSection(SolutionConfigurationPlatforms) = preSolution
		Debug|Any CPU = Debug|Any CPU
		Release|Any CPU = Release|Any CPU
	EndGlobalSection
	GlobalSection(SolutionProperties) = preSolution
		HideSolutionNode = FALSE
	EndGlobalSection
	GlobalSection(ProjectConfigurationPlatforms) = postSolution
		{B62F635B-29CF-467F-8C29-FEF2438F694B}.Debug|Any CPU.ActiveCfg = Debug|Any CPU
		{B62F635B-29CF-467F-8C29-FEF2438F694B}.Debug|Any CPU.Build.0 = Debug|Any CPU
		{B62F635B-29CF-467F-8C29-FEF2438F694B}.Release|Any CPU.ActiveCfg = Release|Any CPU
		{B62F635B-29CF-467F-8C29-FEF2438F694B}.Release|Any CPU.Build.0 = Release|Any CPU
		{14810C5D-0E38-46A6-93E9-EE9F07502B53}.Debug|Any CPU.ActiveCfg = Debug|Any CPU
		{14810C5D-0E38-46A6-93E9-EE9F07502B53}.Debug|Any CPU.Build.0 = Debug|Any CPU
		{14810C5D-0E38-46A6-93E9-EE9F07502B53}.Release|Any CPU.ActiveCfg = Release|Any CPU
		{14810C5D-0E38-46A6-93E9-EE9F07502B53}.Release|Any CPU.Build.0 = Release|Any CPU
	EndGlobalSection
	GlobalSection(NestedProjects) = preSolution
		{B62F635B-29CF-467F-8C29-FEF2438F694B} = {21D58E1C-5396-4969-88DB-7BA4FC0C46D4}
		{14810C5D-0E38-46A6-93E9-EE9F07502B53} = {11BED6BA-6304-40CA-A5E3-3497BCC6D6F4}
	EndGlobalSection
EndGlobal
